
Microsoft Visual Studio Solution File, Format Version 12.00
# Visual Studio Version 17
VisualStudioVersion = 17.0.31912.275
MinimumVisualStudioVersion = 10.0.40219.1
Project("{FAE04EC0-301F-11D3-BF4B-00C04F79EFBC}") = "AdventOfCode", "AdventOfCode\AdventOfCode.csproj", "{B39A897A-B4BA-445C-B16C-63731CA42ECD}"
EndProject
Global
	GlobalSection(SolutionConfigurationPlatforms) = preSolution
		Debug|Any CPU = Debug|Any CPU
		Release|Any CPU = Release|Any CPU
	EndGlobalSection
	GlobalSection(ProjectConfigurationPlatforms) = postSolution
		{B39A897A-B4BA-445C-B16C-63731CA42ECD}.Debug|Any CPU.ActiveCfg = Debug|Any CPU
		{B39A897A-B4BA-445C-B16C-63731CA42ECD}.Debug|Any CPU.Build.0 = Debug|Any CPU
		{B39A897A-B4BA-445C-B16C-63731CA42ECD}.Release|Any CPU.ActiveCfg = Release|Any CPU
		{B39A897A-B4BA-445C-B16C-63731CA42ECD}.Release|Any CPU.Build.0 = Release|Any CPU
	EndGlobalSection
	GlobalSection(SolutionProperties) = preSolution
		HideSolutionNode = FALSE
	EndGlobalSection
	GlobalSection(ExtensibilityGlobals) = postSolution
		SolutionGuid = {79CA0CA0-A438-446C-A0DB-B90F3BB166C3}
	EndGlobalSection
EndGlobal
